
Microsoft Visual Studio Solution File, Format Version 12.00
# Visual Studio Version 17
VisualStudioVersion = 17.10.34928.147
MinimumVisualStudioVersion = 10.0.40219.1
Project("{FAE04EC0-301F-11D3-BF4B-00C04F79EFBC}") = "QuadTheoryLimited_Task", "QuadTheoryLimited_Task\QuadTheoryLimited_Task.csproj", "{9A5C5809-3AD9-4DE2-94FE-F3238095E3C3}"
EndProject
Global
	GlobalSection(SolutionConfigurationPlatforms) = preSolution
		Debug|Any CPU = Debug|Any CPU
		Release|Any CPU = Release|Any CPU
	EndGlobalSection
	GlobalSection(ProjectConfigurationPlatforms) = postSolution
		{9A5C5809-3AD9-4DE2-94FE-F3238095E3C3}.Debug|Any CPU.ActiveCfg = Debug|Any CPU
		{9A5C5809-3AD9-4DE2-94FE-F3238095E3C3}.Debug|Any CPU.Build.0 = Debug|Any CPU
		{9A5C5809-3AD9-4DE2-94FE-F3238095E3C3}.Release|Any CPU.ActiveCfg = Release|Any CPU
		{9A5C5809-3AD9-4DE2-94FE-F3238095E3C3}.Release|Any CPU.Build.0 = Release|Any CPU
	EndGlobalSection
	GlobalSection(SolutionProperties) = preSolution
		HideSolutionNode = FALSE
	EndGlobalSection
	GlobalSection(ExtensibilityGlobals) = postSolution
		SolutionGuid = {A8C4AA46-AF5F-40DD-9030-44010F14872C}
	EndGlobalSection
EndGlobal
